
Microsoft Visual Studio Solution File, Format Version 12.00
# Visual Studio Version 16
VisualStudioVersion = 16.0.31112.23
MinimumVisualStudioVersion = 10.0.40219.1
Project("{FAE04EC0-301F-11D3-BF4B-00C04F79EFBC}") = "FileEncryptAES", "FileEncryptAES\FileEncryptAES.csproj", "{35E6EC4F-507D-4913-97E7-3E0DF6A4AD2C}"
EndProject
Global
	GlobalSection(SolutionConfigurationPlatforms) = preSolution
		Debug|Any CPU = Debug|Any CPU
		Release|Any CPU = Release|Any CPU
	EndGlobalSection
	GlobalSection(ProjectConfigurationPlatforms) = postSolution
		{35E6EC4F-507D-4913-97E7-3E0DF6A4AD2C}.Debug|Any CPU.ActiveCfg = Debug|Any CPU
		{35E6EC4F-507D-4913-97E7-3E0DF6A4AD2C}.Debug|Any CPU.Build.0 = Debug|Any CPU
		{35E6EC4F-507D-4913-97E7-3E0DF6A4AD2C}.Release|Any CPU.ActiveCfg = Release|Any CPU
		{35E6EC4F-507D-4913-97E7-3E0DF6A4AD2C}.Release|Any CPU.Build.0 = Release|Any CPU
	EndGlobalSection
	GlobalSection(SolutionProperties) = preSolution
		HideSolutionNode = FALSE
	EndGlobalSection
	GlobalSection(ExtensibilityGlobals) = postSolution
		SolutionGuid = {4E85DF18-0DEB-4CB0-8769-4B644CA50589}
	EndGlobalSection
EndGlobal
